
Microsoft Visual Studio Solution File, Format Version 12.00
# Visual Studio Version 16
VisualStudioVersion = 16.0.31402.337
MinimumVisualStudioVersion = 10.0.40219.1
Project("{00D1A9C2-B5F0-4AF3-8072-F6C62B433612}") = "Database 1", "Database 1\Database 1.sqlproj", "{C10689A8-E354-441B-A25F-77A6B69CF6DA}"
EndProject
Global
	GlobalSection(SolutionConfigurationPlatforms) = preSolution
		Debug|Any CPU = Debug|Any CPU
		Release|Any CPU = Release|Any CPU
	EndGlobalSection
	GlobalSection(ProjectConfigurationPlatforms) = postSolution
		{C10689A8-E354-441B-A25F-77A6B69CF6DA}.Debug|Any CPU.ActiveCfg = Debug|Any CPU
		{C10689A8-E354-441B-A25F-77A6B69CF6DA}.Debug|Any CPU.Build.0 = Debug|Any CPU
		{C10689A8-E354-441B-A25F-77A6B69CF6DA}.Debug|Any CPU.Deploy.0 = Debug|Any CPU
		{C10689A8-E354-441B-A25F-77A6B69CF6DA}.Release|Any CPU.ActiveCfg = Release|Any CPU
		{C10689A8-E354-441B-A25F-77A6B69CF6DA}.Release|Any CPU.Build.0 = Release|Any CPU
		{C10689A8-E354-441B-A25F-77A6B69CF6DA}.Release|Any CPU.Deploy.0 = Release|Any CPU
	EndGlobalSection
	GlobalSection(SolutionProperties) = preSolution
		HideSolutionNode = FALSE
	EndGlobalSection
	GlobalSection(ExtensibilityGlobals) = postSolution
		SolutionGuid = {14FD69CD-B8AF-4525-ACFB-FE48F582E6C9}
	EndGlobalSection
EndGlobal
